
Microsoft Visual Studio Solution File, Format Version 12.00
# Visual Studio Version 16
VisualStudioVersion = 16.0.29001.49
MinimumVisualStudioVersion = 10.0.40219.1
Project("{FAE04EC0-301F-11D3-BF4B-00C04F79EFBC}") = "Fundusz", "Fundusz.csproj", "{13A5C195-D2FB-4203-88EA-352C92A7F4B1}"
EndProject
Global
	GlobalSection(SolutionConfigurationPlatforms) = preSolution
		Debug|Any CPU = Debug|Any CPU
		Release|Any CPU = Release|Any CPU
	EndGlobalSection
	GlobalSection(ProjectConfigurationPlatforms) = postSolution
		{13A5C195-D2FB-4203-88EA-352C92A7F4B1}.Debug|Any CPU.ActiveCfg = Debug|Any CPU
		{13A5C195-D2FB-4203-88EA-352C92A7F4B1}.Debug|Any CPU.Build.0 = Debug|Any CPU
		{13A5C195-D2FB-4203-88EA-352C92A7F4B1}.Release|Any CPU.ActiveCfg = Release|Any CPU
		{13A5C195-D2FB-4203-88EA-352C92A7F4B1}.Release|Any CPU.Build.0 = Release|Any CPU
	EndGlobalSection
	GlobalSection(SolutionProperties) = preSolution
		HideSolutionNode = FALSE
	EndGlobalSection
	GlobalSection(ExtensibilityGlobals) = postSolution
		SolutionGuid = {04796F4B-F359-48B3-A870-C5D364D8CC1C}
	EndGlobalSection
EndGlobal
